{
    "name": "yaxy",
    "version": "0.2.7",
    "lockfileVersion": 1,
    "requires": true,
    "dependencies": {
        "async": {
            "version": "0.9.2",
            "resolved": "https://registry.npmjs.org/async/-/async-0.9.2.tgz",
            "integrity": "sha1-rqdNXmHB+JlhO/ZL2mbUx48v0X0=",
            "dev": true,
            "optional": true
        },
        "combined-stream": {
            "version": "0.0.7",
            "resolved": "https://registry.npmjs.org/combined-stream/-/combined-stream-0.0.7.tgz",
            "integrity": "sha1-ATfmV7qlp1QcV6w3rF/AfXO03B8=",
            "dev": true,
            "optional": true,
            "requires": {
                "delayed-stream": "0.0.5"
            }
        },
        "delayed-stream": {
            "version": "0.0.5",
            "resolved": "https://registry.npmjs.org/delayed-stream/-/delayed-stream-0.0.5.tgz",
            "integrity": "sha1-1LH0OpPoKW3+AmlPRoC8N6MTxz8=",
            "dev": true,
            "optional": true
        },
        "form-data": {
            "version": "0.1.4",
            "resolved": "https://registry.npmjs.org/form-data/-/form-data-0.1.4.tgz",
            "integrity": "sha1-kavXiKupcCsaq/qLwBAxoqyeOxI=",
            "dev": true,
            "optional": true,
            "requires": {
                "async": "~0.9.0",
                "combined-stream": "~0.0.4",
                "mime": "~1.2.11"
            }
        },
        "lblr-parser": {
            "version": "0.1.0",
            "resolved": false,
            "integrity": "sha1-MAiEq6shvOREvs9wVVEC+h6SwCI=",
            "requires": {
                "q": "^1.3.0"
            },
            "dependencies": {
                "q": {
                    "version": "1.4.1",
                    "resolved": "https://registry.npmjs.org/q/-/q-1.4.1.tgz",
                    "integrity": "sha1-VXBbzZPF82c1MMLCy8DCs63cKG4="
                }
            }
        },
        "mime": {
            "version": "1.2.11",
            "resolved": "https://registry.npmjs.org/mime/-/mime-1.2.11.tgz",
            "integrity": "sha1-WCA+7Ybjpe8XrtK32evUfwpg3RA=",
            "dev": true,
            "optional": true
        },
        "mocha": {
            "version": "2.2.5",
            "resolved": "https://registry.npmjs.org/mocha/-/mocha-2.2.5.tgz",
            "integrity": "sha1-07cqT+SeyUOTU/GsiT28Qw2ZMUA=",
            "dev": true,
            "requires": {
                "commander": "2.3.0",
                "debug": "2.0.0",
                "diff": "1.4.0",
                "escape-string-regexp": "1.0.2",
                "glob": "3.2.3",
                "growl": "1.8.1",
                "jade": "0.26.3",
                "mkdirp": "0.5.0",
                "supports-color": "~1.2.0"
            },
            "dependencies": {
                "commander": {
                    "version": "2.3.0",
                    "resolved": "https://registry.npmjs.org/commander/-/commander-2.3.0.tgz",
                    "integrity": "sha1-/UMOiJgy7DU7ms0d4hfBHLPu+HM=",
                    "dev": true
                },
                "debug": {
                    "version": "2.0.0",
                    "resolved": "https://registry.npmjs.org/debug/-/debug-2.0.0.tgz",
                    "integrity": "sha1-ib2d9nMrUSVrxnBTQrugLtEhMe8=",
                    "dev": true,
                    "requires": {
                        "ms": "0.6.2"
                    },
                    "dependencies": {
                        "ms": {
                            "version": "0.6.2",
                            "resolved": "https://registry.npmjs.org/ms/-/ms-0.6.2.tgz",
                            "integrity": "sha1-2JwhJMb9wTU9Zai3e/GqxLGTcIw=",
                            "dev": true
                        }
                    }
                },
                "diff": {
                    "version": "1.4.0",
                    "resolved": "https://registry.npmjs.org/diff/-/diff-1.4.0.tgz",
                    "integrity": "sha1-fyjS657nsVqX79ic5j3P2qPMur8=",
                    "dev": true
                },
                "escape-string-regexp": {
                    "version": "1.0.2",
                    "resolved": "https://registry.npmjs.org/escape-string-regexp/-/escape-string-regexp-1.0.2.tgz",
                    "integrity": "sha1-Tbwv5nTnGUnK8/smlc5/LcHZqNE=",
                    "dev": true
                },
                "glob": {
                    "version": "3.2.3",
                    "resolved": "https://registry.npmjs.org/glob/-/glob-3.2.3.tgz",
                    "integrity": "sha1-4xPusknHr/qlxHUoaw4RW1mDlGc=",
                    "dev": true,
                    "requires": {
                        "graceful-fs": "~2.0.0",
                        "inherits": "2",
                        "minimatch": "~0.2.11"
                    },
                    "dependencies": {
                        "graceful-fs": {
                            "version": "2.0.3",
                            "resolved": "https://registry.npmjs.org/graceful-fs/-/graceful-fs-2.0.3.tgz",
                            "integrity": "sha1-fNLNsiiko/Nule+mzBQt59GhNtA=",
                            "dev": true
                        },
                        "inherits": {
                            "version": "2.0.1",
                            "resolved": "https://registry.npmjs.org/inherits/-/inherits-2.0.1.tgz",
                            "integrity": "sha1-sX0I0ya0Qj5Wjv9xn5GwscvfafE=",
                            "dev": true
                        },
                        "minimatch": {
                            "version": "0.2.14",
                            "resolved": "https://registry.npmjs.org/minimatch/-/minimatch-0.2.14.tgz",
                            "integrity": "sha1-x054BXT2PG+aCQ6Q775u9TpqdWo=",
                            "dev": true,
                            "requires": {
                                "lru-cache": "2",
                                "sigmund": "~1.0.0"
                            },
                            "dependencies": {
                                "lru-cache": {
                                    "version": "2.6.5",
                                    "resolved": "https://registry.npmjs.org/lru-cache/-/lru-cache-2.6.5.tgz",
                                    "integrity": "sha1-5W1jVBSO3o13B7WNFDIg/QjfD9U=",
                                    "dev": true
                                },
                                "sigmund": {
                                    "version": "1.0.1",
                                    "resolved": "https://registry.npmjs.org/sigmund/-/sigmund-1.0.1.tgz",
                                    "integrity": "sha1-P/IfGYytIXX587eBhT/ZTQ0ZtZA=",
                                    "dev": true
                                }
                            }
                        }
                    }
                },
                "growl": {
                    "version": "1.8.1",
                    "resolved": "https://registry.npmjs.org/growl/-/growl-1.8.1.tgz",
                    "integrity": "sha1-Sy3sjZB+k9szZiTc7AGDUC+MlCg=",
                    "dev": true
                },
                "jade": {
                    "version": "0.26.3",
                    "resolved": "https://registry.npmjs.org/jade/-/jade-0.26.3.tgz",
                    "integrity": "sha1-jxDXl32NefL2/4YqgbBRPMslaGw=",
                    "dev": true,
                    "requires": {
                        "commander": "0.6.1",
                        "mkdirp": "0.3.0"
                    },
                    "dependencies": {
                        "commander": {
                            "version": "0.6.1",
                            "resolved": "https://registry.npmjs.org/commander/-/commander-0.6.1.tgz",
                            "integrity": "sha1-+mihT2qUXVTbvlDYzbMyDp47GgY=",
                            "dev": true
                        },
                        "mkdirp": {
                            "version": "0.3.0",
                            "resolved": "https://registry.npmjs.org/mkdirp/-/mkdirp-0.3.0.tgz",
                            "integrity": "sha1-G79asbqCevI1dRQ0kEJkVfSB/h4=",
                            "dev": true
                        }
                    }
                },
                "mkdirp": {
                    "version": "0.5.0",
                    "resolved": "https://registry.npmjs.org/mkdirp/-/mkdirp-0.5.0.tgz",
                    "integrity": "sha1-HXMHam35hs2TROFecfzAWkyavxI=",
                    "dev": true,
                    "requires": {
                        "minimist": "0.0.8"
                    },
                    "dependencies": {
                        "minimist": {
                            "version": "0.0.8",
                            "resolved": "https://registry.npmjs.org/minimist/-/minimist-0.0.8.tgz",
                            "integrity": "sha1-hX/Kv8M5fSYluCKCYuhqp6ARsF0=",
                            "dev": true
                        }
                    }
                },
                "supports-color": {
                    "version": "1.2.1",
                    "resolved": "https://registry.npmjs.org/supports-color/-/supports-color-1.2.1.tgz",
                    "integrity": "sha1-Eu4hUHCGzZjBBY2ewPSsR2t687I=",
                    "dev": true
                }
            }
        },
        "phantomjs": {
            "version": "1.9.17",
            "resolved": "https://registry.npmjs.org/phantomjs/-/phantomjs-1.9.17.tgz",
            "integrity": "sha1-gOGOamJwIwRWGX6KI0FuaHFAzcA=",
            "dev": true,
            "requires": {
                "adm-zip": "0.4.4",
                "fs-extra": "~0.18",
                "kew": "0.4.0",
                "npmconf": "2.1.1",
                "progress": "1.1.8",
                "request": "2.42.0",
                "request-progress": "0.3.1",
                "which": "~1.0.5"
            },
            "dependencies": {
                "adm-zip": {
                    "version": "0.4.4",
                    "resolved": "https://registry.npmjs.org/adm-zip/-/adm-zip-0.4.4.tgz",
                    "integrity": "sha1-ph7VrmkFw66lizplfSUDMJEFJzY=",
                    "dev": true
                },
                "fs-extra": {
                    "version": "0.18.4",
                    "resolved": "https://registry.npmjs.org/fs-extra/-/fs-extra-0.18.4.tgz",
                    "integrity": "sha1-fyBXUtbTlZyWdTPjRUAWGns43DY=",
                    "dev": true,
                    "requires": {
                        "graceful-fs": "^3.0.5",
                        "jsonfile": "^2.0.0",
                        "rimraf": "^2.2.8"
                    },
                    "dependencies": {
                        "graceful-fs": {
                            "version": "3.0.8",
                            "resolved": "https://registry.npmjs.org/graceful-fs/-/graceful-fs-3.0.8.tgz",
                            "integrity": "sha1-zoE+cl+oL35hR9UcmlymgnBVHCI=",
                            "dev": true
                        },
                        "jsonfile": {
                            "version": "2.2.1",
                            "resolved": "https://registry.npmjs.org/jsonfile/-/jsonfile-2.2.1.tgz",
                            "integrity": "sha1-ZZ5Cnhmfu31ktmLfdDAfvusMyAo=",
                            "dev": true
                        },
                        "rimraf": {
                            "version": "2.4.1",
                            "resolved": "https://registry.npmjs.org/rimraf/-/rimraf-2.4.1.tgz",
                            "integrity": "sha1-mf88wdYdaHtnSJufl8+p09s7nkg=",
                            "dev": true,
                            "requires": {
                                "glob": "^4.4.2"
                            },
                            "dependencies": {
                                "glob": {
                                    "version": "4.5.3",
                                    "resolved": "https://registry.npmjs.org/glob/-/glob-4.5.3.tgz",
                                    "integrity": "sha1-xstz0yJsHv7wTePFbQEvAzd+4V8=",
                                    "dev": true,
                                    "requires": {
                                        "inflight": "^1.0.4",
                                        "inherits": "2",
                                        "minimatch": "^2.0.1",
                                        "once": "^1.3.0"
                                    },
                                    "dependencies": {
                                        "inflight": {
                                            "version": "1.0.4",
                                            "resolved": "https://registry.npmjs.org/inflight/-/inflight-1.0.4.tgz",
                                            "integrity": "sha1-bLtFIevVHODsCpNr/XZX736bFyo=",
                                            "dev": true,
                                            "requires": {
                                                "once": "^1.3.0",
                                                "wrappy": "1"
                                            },
                                            "dependencies": {
                                                "wrappy": {
                                                    "version": "1.0.1",
                                                    "resolved": "https://registry.npmjs.org/wrappy/-/wrappy-1.0.1.tgz",
                                                    "integrity": "sha1-HmWWmWXMvC20VIxrhKbyxa7dRzk=",
                                                    "dev": true
                                                }
                                            }
                                        },
                                        "inherits": {
                                            "version": "2.0.1",
                                            "resolved": "https://registry.npmjs.org/inherits/-/inherits-2.0.1.tgz",
                                            "integrity": "sha1-sX0I0ya0Qj5Wjv9xn5GwscvfafE=",
                                            "dev": true
                                        },
                                        "minimatch": {
                                            "version": "2.0.8",
                                            "resolved": "https://registry.npmjs.org/minimatch/-/minimatch-2.0.8.tgz",
                                            "integrity": "sha1-C8IPa/NXCmmO8N3/kCBjxsq9pr8=",
                                            "dev": true,
                                            "requires": {
                                                "brace-expansion": "^1.0.0"
                                            },
                                            "dependencies": {
                                                "brace-expansion": {
                                                    "version": "1.1.0",
                                                    "resolved": "https://registry.npmjs.org/brace-expansion/-/brace-expansion-1.1.0.tgz",
                                                    "integrity": "sha1-ybfQPAPze8cEvhAOUitA249s/Nk=",
                                                    "dev": true,
                                                    "requires": {
                                                        "balanced-match": "^0.2.0",
                                                        "concat-map": "0.0.1"
                                                    },
                                                    "dependencies": {
                                                        "balanced-match": {
                                                            "version": "0.2.0",
                                                            "resolved": "https://registry.npmjs.org/balanced-match/-/balanced-match-0.2.0.tgz",
                                                            "integrity": "sha1-OPZzDAOqttXtu1K9k0iF51bXFnQ=",
                                                            "dev": true
                                                        },
                                                        "concat-map": {
                                                            "version": "0.0.1",
                                                            "resolved": "https://registry.npmjs.org/concat-map/-/concat-map-0.0.1.tgz",
                                                            "integrity": "sha1-2Klr13/Wjfd5OnMDajug1UBdR3s=",
                                                            "dev": true
                                                        }
                                                    }
                                                }
                                            }
                                        },
                                        "once": {
                                            "version": "1.3.2",
                                            "resolved": "https://registry.npmjs.org/once/-/once-1.3.2.tgz",
                                            "integrity": "sha1-2P7sqTsDnsHc3ud0HJK9rF4oCBs=",
                                            "dev": true,
                                            "requires": {
                                                "wrappy": "1"
                                            },
                                            "dependencies": {
                                                "wrappy": {
                                                    "version": "1.0.1",
                                                    "resolved": "https://registry.npmjs.org/wrappy/-/wrappy-1.0.1.tgz",
                                                    "integrity": "sha1-HmWWmWXMvC20VIxrhKbyxa7dRzk=",
                                                    "dev": true
                                                }
                                            }
                                        }
                                    }
                                }
                            }
                        }
                    }
                },
                "kew": {
                    "version": "0.4.0",
                    "resolved": "https://registry.npmjs.org/kew/-/kew-0.4.0.tgz",
                    "integrity": "sha1-2pdITxsGUCFG88YM7AWsYBLNmT8=",
                    "dev": true
                },
                "npmconf": {
                    "version": "2.1.1",
                    "resolved": "https://registry.npmjs.org/npmconf/-/npmconf-2.1.1.tgz",
                    "integrity": "sha1-ombH5cVmlet/VcrzpacyjyRRDa4=",
                    "dev": true,
                    "requires": {
                        "config-chain": "~1.1.8",
                        "inherits": "~2.0.0",
                        "ini": "^1.2.0",
                        "mkdirp": "^0.5.0",
                        "nopt": "~3.0.1",
                        "once": "~1.3.0",
                        "osenv": "^0.1.0",
                        "semver": "2 || 3 || 4",
                        "uid-number": "0.0.5"
                    },
                    "dependencies": {
                        "config-chain": {
                            "version": "1.1.9",
                            "resolved": "https://registry.npmjs.org/config-chain/-/config-chain-1.1.9.tgz",
                            "integrity": "sha1-Oax9TcqE+q2SYSTFTP8lpTqov24=",
                            "dev": true,
                            "requires": {
                                "ini": "1",
                                "proto-list": "~1.2.1"
                            },
                            "dependencies": {
                                "proto-list": {
                                    "version": "1.2.4",
                                    "resolved": "https://registry.npmjs.org/proto-list/-/proto-list-1.2.4.tgz",
                                    "integrity": "sha1-IS1b/hMYMGpCD2QCuOJv85ZHqEk=",
                                    "dev": true
                                }
                            }
                        },
                        "inherits": {
                            "version": "2.0.1",
                            "resolved": "https://registry.npmjs.org/inherits/-/inherits-2.0.1.tgz",
                            "integrity": "sha1-sX0I0ya0Qj5Wjv9xn5GwscvfafE=",
                            "dev": true
                        },
                        "ini": {
                            "version": "1.3.4",
                            "resolved": "https://registry.npmjs.org/ini/-/ini-1.3.4.tgz",
                            "integrity": "sha1-BTfLedr1m1mhpRff9wbIbsA5Fi4=",
                            "dev": true
                        },
                        "mkdirp": {
                            "version": "0.5.1",
                            "resolved": "https://registry.npmjs.org/mkdirp/-/mkdirp-0.5.1.tgz",
                            "integrity": "sha1-MAV0OOrGz3+MR2fzhkjWaX11yQM=",
                            "dev": true,
                            "requires": {
                                "minimist": "0.0.8"
                            },
                            "dependencies": {
                                "minimist": {
                                    "version": "0.0.8",
                                    "resolved": "https://registry.npmjs.org/minimist/-/minimist-0.0.8.tgz",
                                    "integrity": "sha1-hX/Kv8M5fSYluCKCYuhqp6ARsF0=",
                                    "dev": true
                                }
                            }
                        },
                        "nopt": {
                            "version": "3.0.3",
                            "resolved": "https://registry.npmjs.org/nopt/-/nopt-3.0.3.tgz",
                            "integrity": "sha1-Dpl48zAWuuC3XjdIwDu7tx2lxTA=",
                            "dev": true,
                            "requires": {
                                "abbrev": "1"
                            },
                            "dependencies": {
                                "abbrev": {
                                    "version": "1.0.7",
                                    "resolved": "https://registry.npmjs.org/abbrev/-/abbrev-1.0.7.tgz",
                                    "integrity": "sha1-W2A1su6dT7XPhZ8Iqb6BsghJGEM=",
                                    "dev": true
                                }
                            }
                        },
                        "once": {
                            "version": "1.3.2",
                            "resolved": "https://registry.npmjs.org/once/-/once-1.3.2.tgz",
                            "integrity": "sha1-2P7sqTsDnsHc3ud0HJK9rF4oCBs=",
                            "dev": true,
                            "requires": {
                                "wrappy": "1"
                            },
                            "dependencies": {
                                "wrappy": {
                                    "version": "1.0.1",
                                    "resolved": "https://registry.npmjs.org/wrappy/-/wrappy-1.0.1.tgz",
                                    "integrity": "sha1-HmWWmWXMvC20VIxrhKbyxa7dRzk=",
                                    "dev": true
                                }
                            }
                        },
                        "osenv": {
                            "version": "0.1.3",
                            "resolved": "https://registry.npmjs.org/osenv/-/osenv-0.1.3.tgz",
                            "integrity": "sha1-g88FxtZFj8TVrGNi6jJdkvJ1Qhc=",
                            "dev": true,
                            "requires": {
                                "os-homedir": "^1.0.0",
                                "os-tmpdir": "^1.0.0"
                            },
                            "dependencies": {
                                "os-homedir": {
                                    "version": "1.0.0",
                                    "resolved": "https://registry.npmjs.org/os-homedir/-/os-homedir-1.0.0.tgz",
                                    "integrity": "sha1-43B4vGG1hpBjBTiXJX457BJhtwI=",
                                    "dev": true
                                },
                                "os-tmpdir": {
                                    "version": "1.0.1",
                                    "resolved": "https://registry.npmjs.org/os-tmpdir/-/os-tmpdir-1.0.1.tgz",
                                    "integrity": "sha1-6bQjoe2vR5iCVi6S7XHXdDoHG24=",
                                    "dev": true
                                }
                            }
                        },
                        "semver": {
                            "version": "4.3.6",
                            "resolved": "https://registry.npmjs.org/semver/-/semver-4.3.6.tgz",
                            "integrity": "sha1-MAvG4OhjdPe6YQaLWx7NV/xlMto=",
                            "dev": true
                        },
                        "uid-number": {
                            "version": "0.0.5",
                            "resolved": "https://registry.npmjs.org/uid-number/-/uid-number-0.0.5.tgz",
                            "integrity": "sha1-Wj2yPvXb1VuB/ODsmirG/M3ruB4=",
                            "dev": true
                        }
                    }
                },
                "progress": {
                    "version": "1.1.8",
                    "resolved": "https://registry.npmjs.org/progress/-/progress-1.1.8.tgz",
                    "integrity": "sha1-4mDHj2Fhzdmw5WzD4Khd4Xx6V74=",
                    "dev": true
                },
                "request": {
                    "version": "2.42.0",
                    "resolved": "https://registry.npmjs.org/request/-/request-2.42.0.tgz",
                    "integrity": "sha1-VyvQFIk4VkBArHqxSLlkI6BjMEo=",
                    "dev": true,
                    "requires": {
                        "aws-sign2": "~0.5.0",
                        "bl": "~0.9.0",
                        "caseless": "~0.6.0",
                        "forever-agent": "~0.5.0",
                        "form-data": "~0.1.0",
                        "hawk": "1.1.1",
                        "http-signature": "~0.10.0",
                        "json-stringify-safe": "~5.0.0",
                        "mime-types": "~1.0.1",
                        "node-uuid": "~1.4.0",
                        "oauth-sign": "~0.4.0",
                        "qs": "~1.2.0",
                        "stringstream": "~0.0.4",
                        "tough-cookie": ">=0.12.0",
                        "tunnel-agent": "~0.4.0"
                    },
                    "dependencies": {
                        "aws-sign2": {
                            "version": "0.5.0",
                            "resolved": "https://registry.npmjs.org/aws-sign2/-/aws-sign2-0.5.0.tgz",
                            "integrity": "sha1-xXED96F/wDfwLXwuZLYC6iI/fWM=",
                            "dev": true,
                            "optional": true
                        },
                        "bl": {
                            "version": "0.9.4",
                            "resolved": "https://registry.npmjs.org/bl/-/bl-0.9.4.tgz",
                            "integrity": "sha1-RwLd9y++Ds2CeHwAwROuoZNa0Oc=",
                            "dev": true,
                            "requires": {
                                "readable-stream": "~1.0.26"
                            },
                            "dependencies": {
                                "readable-stream": {
                                    "version": "1.0.33",
                                    "resolved": "https://registry.npmjs.org/readable-stream/-/readable-stream-1.0.33.tgz",
                                    "integrity": "sha1-OjYN1mwbHX/UcFOJhg7aHQ9hEmw=",
                                    "dev": true,
                                    "requires": {
                                        "core-util-is": "~1.0.0",
                                        "inherits": "~2.0.1",
                                        "isarray": "0.0.1",
                                        "string_decoder": "~0.10.x"
                                    },
                                    "dependencies": {
                                        "core-util-is": {
                                            "version": "1.0.1",
                                            "resolved": "https://registry.npmjs.org/core-util-is/-/core-util-is-1.0.1.tgz",
                                            "integrity": "sha1-awcIWu+aPMrG7lO/nT3wwVIaVTg=",
                                            "dev": true
                                        },
                                        "inherits": {
                                            "version": "2.0.1",
                                            "resolved": "https://registry.npmjs.org/inherits/-/inherits-2.0.1.tgz",
                                            "integrity": "sha1-sX0I0ya0Qj5Wjv9xn5GwscvfafE=",
                                            "dev": true
                                        },
                                        "isarray": {
                                            "version": "0.0.1",
                                            "resolved": "https://registry.npmjs.org/isarray/-/isarray-0.0.1.tgz",
                                            "integrity": "sha1-ihis/Kmo9Bd+Cav8YDiTmwXR7t8=",
                                            "dev": true
                                        },
                                        "string_decoder": {
                                            "version": "0.10.31",
                                            "resolved": "https://registry.npmjs.org/string_decoder/-/string_decoder-0.10.31.tgz",
                                            "integrity": "sha1-YuIDvEF2bGwoyfyEMB2rHFMQ+pQ=",
                                            "dev": true
                                        }
                                    }
                                }
                            }
                        },
                        "caseless": {
                            "version": "0.6.0",
                            "resolved": "https://registry.npmjs.org/caseless/-/caseless-0.6.0.tgz",
                            "integrity": "sha1-gWfBq4OX+1u5X5bSjlqBxQ8kesQ=",
                            "dev": true
                        },
                        "forever-agent": {
                            "version": "0.5.2",
                            "resolved": "https://registry.npmjs.org/forever-agent/-/forever-agent-0.5.2.tgz",
                            "integrity": "sha1-bQ4JxJIflKJ/Y9O0nF/v8epMUTA=",
                            "dev": true
                        },
                        "hawk": {
                            "version": "1.1.1",
                            "resolved": "https://registry.npmjs.org/hawk/-/hawk-1.1.1.tgz",
                            "integrity": "sha1-h81JH5tG5OKurKM1QWdmiF0tHtk=",
                            "dev": true,
                            "optional": true,
                            "requires": {
                                "boom": "0.4.x",
                                "cryptiles": "0.2.x",
                                "hoek": "0.9.x",
                                "sntp": "0.2.x"
                            },
                            "dependencies": {
                                "boom": {
                                    "version": "0.4.2",
                                    "resolved": "https://registry.npmjs.org/boom/-/boom-0.4.2.tgz",
                                    "integrity": "sha1-emNune1O/O+xnO9JR6PGffrukRs=",
                                    "dev": true,
                                    "optional": true,
                                    "requires": {
                                        "hoek": "0.9.x"
                                    }
                                },
                                "cryptiles": {
                                    "version": "0.2.2",
                                    "resolved": "https://registry.npmjs.org/cryptiles/-/cryptiles-0.2.2.tgz",
                                    "integrity": "sha1-7ZH/HxetE9N0gohZT4pIoNJvMlw=",
                                    "dev": true,
                                    "optional": true,
                                    "requires": {
                                        "boom": "0.4.x"
                                    }
                                },
                                "hoek": {
                                    "version": "0.9.1",
                                    "resolved": "https://registry.npmjs.org/hoek/-/hoek-0.9.1.tgz",
                                    "integrity": "sha1-PTIkYrrfB3Fup+uFuviAec3c5QU=",
                                    "dev": true,
                                    "optional": true
                                },
                                "sntp": {
                                    "version": "0.2.4",
                                    "resolved": "https://registry.npmjs.org/sntp/-/sntp-0.2.4.tgz",
                                    "integrity": "sha1-+4hfGLDzqtGJ+CSGJTa87ux1CQA=",
                                    "dev": true,
                                    "optional": true,
                                    "requires": {
                                        "hoek": "0.9.x"
                                    }
                                }
                            }
                        },
                        "http-signature": {
                            "version": "0.10.1",
                            "resolved": "https://registry.npmjs.org/http-signature/-/http-signature-0.10.1.tgz",
                            "integrity": "sha1-T72sEyVZqoMjEh5UB3nAoBKyfmY=",
                            "dev": true,
                            "optional": true,
                            "requires": {
                                "asn1": "0.1.11",
                                "assert-plus": "^0.1.5",
                                "ctype": "0.5.3"
                            },
                            "dependencies": {
                                "asn1": {
                                    "version": "0.1.11",
                                    "resolved": "https://registry.npmjs.org/asn1/-/asn1-0.1.11.tgz",
                                    "integrity": "sha1-VZvhg3bQik7E2+gId9J4GGObLfc=",
                                    "dev": true,
                                    "optional": true
                                },
                                "assert-plus": {
                                    "version": "0.1.5",
                                    "resolved": "https://registry.npmjs.org/assert-plus/-/assert-plus-0.1.5.tgz",
                                    "integrity": "sha1-7nQAlBMALYTOxyGcasgRgS5yMWA=",
                                    "dev": true,
                                    "optional": true
                                },
                                "ctype": {
                                    "version": "0.5.3",
                                    "resolved": "https://registry.npmjs.org/ctype/-/ctype-0.5.3.tgz",
                                    "integrity": "sha1-gsGMJGH3QRTvFsE1IkrQuRRMoS8=",
                                    "dev": true,
                                    "optional": true
                                }
                            }
                        },
                        "json-stringify-safe": {
                            "version": "5.0.1",
                            "resolved": "https://registry.npmjs.org/json-stringify-safe/-/json-stringify-safe-5.0.1.tgz",
                            "integrity": "sha1-Epai1Y/UXxmg9s4B1lcB4sc1tus=",
                            "dev": true
                        },
                        "mime-types": {
                            "version": "1.0.2",
                            "resolved": "https://registry.npmjs.org/mime-types/-/mime-types-1.0.2.tgz",
                            "integrity": "sha1-mVrhOSq4r/y/yyZB3QVOlDwNXc4=",
                            "dev": true
                        },
                        "node-uuid": {
                            "version": "1.4.3",
                            "resolved": "https://registry.npmjs.org/node-uuid/-/node-uuid-1.4.3.tgz",
                            "integrity": "sha1-MZu3pW58tj8AtcDNeFHNS03fHfk=",
                            "dev": true
                        },
                        "oauth-sign": {
                            "version": "0.4.0",
                            "resolved": "https://registry.npmjs.org/oauth-sign/-/oauth-sign-0.4.0.tgz",
                            "integrity": "sha1-8ilW8x6nFRqCHl8vsywRPK2Ln2k=",
                            "dev": true,
                            "optional": true
                        },
                        "qs": {
                            "version": "1.2.2",
                            "resolved": "https://registry.npmjs.org/qs/-/qs-1.2.2.tgz",
                            "integrity": "sha1-GbV/8k3CqZzh+L32r82ln472H4g=",
                            "dev": true
                        },
                        "stringstream": {
                            "version": "0.0.4",
                            "resolved": "https://registry.npmjs.org/stringstream/-/stringstream-0.0.4.tgz",
                            "integrity": "sha1-Dw40I/lClgtWkqwySlfdCTvEGpI=",
                            "dev": true,
                            "optional": true
                        },
                        "tough-cookie": {
                            "version": "2.0.0",
                            "resolved": "https://registry.npmjs.org/tough-cookie/-/tough-cookie-2.0.0.tgz",
                            "integrity": "sha1-Qc4Icgs1z5C+sETdJgn7GekocY8=",
                            "dev": true,
                            "optional": true
                        },
                        "tunnel-agent": {
                            "version": "0.4.1",
                            "resolved": "https://registry.npmjs.org/tunnel-agent/-/tunnel-agent-0.4.1.tgz",
                            "integrity": "sha1-u+7P9NZ5znU9uUYnYaiN/Ow8WrM=",
                            "dev": true
                        }
                    }
                },
                "request-progress": {
                    "version": "0.3.1",
                    "resolved": "https://registry.npmjs.org/request-progress/-/request-progress-0.3.1.tgz",
                    "integrity": "sha1-ByHBBdipasayzossia4tXs/Pazo=",
                    "dev": true,
                    "requires": {
                        "throttleit": "~0.0.2"
                    },
                    "dependencies": {
                        "throttleit": {
                            "version": "0.0.2",
                            "resolved": "https://registry.npmjs.org/throttleit/-/throttleit-0.0.2.tgz",
                            "integrity": "sha1-z+34jmDADdlpe2H90qg0OptoDq8=",
                            "dev": true
                        }
                    }
                },
                "which": {
                    "version": "1.0.9",
                    "resolved": "https://registry.npmjs.org/which/-/which-1.0.9.tgz",
                    "integrity": "sha1-RgwdoPgQED0DIam2M6+eV15kSG8=",
                    "dev": true
                }
            }
        }
    }
}
